
Microsoft Visual Studio Solution File, Format Version 12.00
# Visual Studio Version 17
VisualStudioVersion = 17.5.33530.505
MinimumVisualStudioVersion = 10.0.40219.1
Project("{9A19103F-16F7-4668-BE54-9A1E7A4F7556}") = "GithubDemo", "GithubDemo.csproj", "{9D2F2501-84B8-47CD-BB48-B076DAB0A06B}"
EndProject
Project("{FAE04EC0-301F-11D3-BF4B-00C04F79EFBC}") = "TestProject", "..\TestProject\TestProject.csproj", "{ED24D476-D6C9-4EAF-A5D4-79E6FFE3F9C9}"
EndProject
Global
	GlobalSection(SolutionConfigurationPlatforms) = preSolution
		Debug|Any CPU = Debug|Any CPU
		Release|Any CPU = Release|Any CPU
	EndGlobalSection
	GlobalSection(ProjectConfigurationPlatforms) = postSolution
		{9D2F2501-84B8-47CD-BB48-B076DAB0A06B}.Debug|Any CPU.ActiveCfg = Debug|Any CPU
		{9D2F2501-84B8-47CD-BB48-B076DAB0A06B}.Debug|Any CPU.Build.0 = Debug|Any CPU
		{9D2F2501-84B8-47CD-BB48-B076DAB0A06B}.Release|Any CPU.ActiveCfg = Release|Any CPU
		{9D2F2501-84B8-47CD-BB48-B076DAB0A06B}.Release|Any CPU.Build.0 = Release|Any CPU
		{ED24D476-D6C9-4EAF-A5D4-79E6FFE3F9C9}.Debug|Any CPU.ActiveCfg = Debug|Any CPU
		{ED24D476-D6C9-4EAF-A5D4-79E6FFE3F9C9}.Debug|Any CPU.Build.0 = Debug|Any CPU
		{ED24D476-D6C9-4EAF-A5D4-79E6FFE3F9C9}.Release|Any CPU.ActiveCfg = Release|Any CPU
		{ED24D476-D6C9-4EAF-A5D4-79E6FFE3F9C9}.Release|Any CPU.Build.0 = Release|Any CPU
	EndGlobalSection
	GlobalSection(SolutionProperties) = preSolution
		HideSolutionNode = FALSE
	EndGlobalSection
	GlobalSection(ExtensibilityGlobals) = postSolution
		SolutionGuid = {41214572-CBAD-4F5D-944E-7FB068D5BB76}
	EndGlobalSection
EndGlobal
